// !$*UTF8*$!
{
	archiveVersion = 1;
	classes = {
	};
	objectVersion = 46;
	objects = {

/* Begin PBXBuildFile section */
		5A3C00151A5D7E9100892D4C /* main.m in Sources */ = {isa = PBXBuildFile; fileRef = 5A3C00141A5D7E9100892D4C /* main.m */; };
		5A3C00181A5D7E9100892D4C /* AppDelegate.m in Sources */ = {isa = PBXBuildFile; fileRef = 5A3C00171A5D7E9100892D4C /* AppDelegate.m */; };
		5A3C00201A5D7E9100892D4C /* Images.xcassets in Resources */ = {isa = PBXBuildFile; fileRef = 5A3C001F1A5D7E9100892D4C /* Images.xcassets */; };
		5A3C00231A5D7E9100892D4C /* LaunchScreen.xib in Resources */ = {isa = PBXBuildFile; fileRef = 5A3C00211A5D7E9100892D4C /* LaunchScreen.xib */; };
		5A3C002F1A5D7E9200892D4C /* ListTests.m in Sources */ = {isa = PBXBuildFile; fileRef = 5A3C002E1A5D7E9200892D4C /* ListTests.m */; };
		5A3C003A1A5D838700892D4C /* ListTVC.m in Sources */ = {isa = PBXBuildFile; fileRef = 5A3C00391A5D838700892D4C /* ListTVC.m */; };
		5A3C003D1A5D919800892D4C /* ListCell.m in Sources */ = {isa = PBXBuildFile; fileRef = 5A3C003C1A5D919800892D4C /* ListCell.m */; };
/* End PBXBuildFile section */

/* Begin PBXContainerItemProxy section */
		5A3C00291A5D7E9200892D4C /* PBXContainerItemProxy */ = {
			isa = PBXContainerItemProxy;
			containerPortal = 5A3C00071A5D7E9100892D4C /* Project object */;
			proxyType = 1;
			remoteGlobalIDString = 5A3C000E1A5D7E9100892D4C;
			remoteInfo = List;
		};
/* End PBXContainerItemProxy section */

/* Begin PBXFileReference section */
		5A3C000F1A5D7E9100892D4C /* List.app */ = {isa = PBXFileReference; explicitFileType = wrapper.application; includeInIndex = 0; path = List.app; sourceTree = BUILT_PRODUCTS_DIR; };
		5A3C00131A5D7E9100892D4C /* Info.plist */ = {isa = PBXFileReference; lastKnownFileType = text.plist.xml; path = Info.plist; sourceTree = "<group>"; };
		5A3C00141A5D7E9100892D4C /* main.m */ = {isa = PBXFileReference; lastKnownFileType = sourcecode.c.objc; path = main.m; sourceTree = "<group>"; };
		5A3C00161A5D7E9100892D4C /* AppDelegate.h */ = {isa = PBXFileReference; lastKnownFileType = sourcecode.c.h; path = AppDelegate.h; sourceTree = "<group>"; };
		5A3C00171A5D7E9100892D4C /* AppDelegate.m */ = {isa = PBXFileReference; lastKnownFileType = sourcecode.c.objc; path = AppDelegate.m; sourceTree = "<group>"; };
		5A3C001F1A5D7E9100892D4C /* Images.xcassets */ = {isa = PBXFileReference; lastKnownFileType = folder.assetcatalog; path = Images.xcassets; sourceTree = "<group>"; };
		5A3C00221A5D7E9100892D4C /* Base */ = {isa = PBXFileReference; lastKnownFileType = file.xib; name = Base; path = Base.lproj/LaunchScreen.xib; sourceTree = "<group>"; };
		5A3C00281A5D7E9200892D4C /* ListTests.xctest */ = {isa = PBXFileReference; explicitFileType = wrapper.cfbundle; includeInIndex = 0; path = ListTests.xctest; sourceTree = BUILT_PRODUCTS_DIR; };
		5A3C002D1A5D7E9200892D4C /* Info.plist */ = {isa = PBXFileReference; lastKnownFileType = text.plist.xml; path = Info.plist; sourceTree = "<group>"; };
		5A3C002E1A5D7E9200892D4C /* ListTests.m */ = {isa = PBXFileReference; lastKnownFileType = sourcecode.c.objc; path = ListTests.m; sourceTree = "<group>"; };
		5A3C00381A5D838700892D4C /* ListTVC.h */ = {isa = PBXFileReference; fileEncoding = 4; lastKnownFileType = sourcecode.c.h; path = ListTVC.h; sourceTree = "<group>"; };
		5A3C00391A5D838700892D4C /* ListTVC.m */ = {isa = PBXFileReference; fileEncoding = 4; lastKnownFileType = sourcecode.c.objc; path = ListTVC.m; sourceTree = "<group>"; };
		5A3C003B1A5D919800892D4C /* ListCell.h */ = {isa = PBXFileReference; fileEncoding = 4; lastKnownFileType = sourcecode.c.h; path = ListCell.h; sourceTree = "<group>"; };
		5A3C003C1A5D919800892D4C /* ListCell.m */ = {isa = PBXFileReference; fileEncoding = 4; lastKnownFileType = sourcecode.c.objc; path = ListCell.m; sourceTree = "<group>"; };
/* End PBXFileReference section */

/* Begin PBXFrameworksBuildPhase section */
		5A3C000C1A5D7E9100892D4C /* Frameworks */ = {
			isa = PBXFrameworksBuildPhase;
			buildActionMask = 2147483647;
			files = (
			);
			runOnlyForDeploymentPostprocessing = 0;
		};
		5A3C00251A5D7E9200892D4C /* Frameworks */ = {
			isa = PBXFrameworksBuildPhase;
			buildActionMask = 2147483647;
			files = (
			);
			runOnlyForDeploymentPostprocessing = 0;
		};
/* End PBXFrameworksBuildPhase section */

/* Begin PBXGroup section */
		5A3C00061A5D7E9100892D4C = {
			isa = PBXGroup;
			children = (
				5A3C00111A5D7E9100892D4C /* List */,
				5A3C002B1A5D7E9200892D4C /* ListTests */,
				5A3C00101A5D7E9100892D4C /* Products */,
			);
			sourceTree = "<group>";
		};
		5A3C00101A5D7E9100892D4C /* Products */ = {
			isa = PBXGroup;
			children = (
				5A3C000F1A5D7E9100892D4C /* List.app */,
				5A3C00281A5D7E9200892D4C /* ListTests.xctest */,
			);
			name = Products;
			sourceTree = "<group>";
		};
		5A3C00111A5D7E9100892D4C /* List */ = {
			isa = PBXGroup;
			children = (
				5A3C00161A5D7E9100892D4C /* AppDelegate.h */,
				5A3C00171A5D7E9100892D4C /* AppDelegate.m */,
				5A3C00381A5D838700892D4C /* ListTVC.h */,
				5A3C00391A5D838700892D4C /* ListTVC.m */,
				5A3C003B1A5D919800892D4C /* ListCell.h */,
				5A3C003C1A5D919800892D4C /* ListCell.m */,
				5A3C001F1A5D7E9100892D4C /* Images.xcassets */,
				5A3C00211A5D7E9100892D4C /* LaunchScreen.xib */,
				5A3C00121A5D7E9100892D4C /* Supporting Files */,
			);
			path = List;
			sourceTree = "<group>";
		};
		5A3C00121A5D7E9100892D4C /* Supporting Files */ = {
			isa = PBXGroup;
			children = (
				5A3C00131A5D7E9100892D4C /* Info.plist */,
				5A3C00141A5D7E9100892D4C /* main.m */,
			);
			name = "Supporting Files";
			sourceTree = "<group>";
		};
		5A3C002B1A5D7E9200892D4C /* ListTests */ = {
			isa = PBXGroup;
			children = (
				5A3C002E1A5D7E9200892D4C /* ListTests.m */,
				5A3C002C1A5D7E9200892D4C /* Supporting Files */,
			);
			path = ListTests;
			sourceTree = "<group>";
		};
		5A3C002C1A5D7E9200892D4C /* Supporting Files */ = {
			isa = PBXGroup;
			children = (
				5A3C002D1A5D7E9200892D4C /* Info.plist */,
			);
			name = "Supporting Files";
			sourceTree = "<group>";
		};
/* End PBXGroup section */

/* Begin PBXNativeTarget section */
		5A3C000E1A5D7E9100892D4C /* List */ = {
			isa = PBXNativeTarget;
			buildConfigurationList = 5A3C00321A5D7E9200892D4C /* Build configuration list for PBXNativeTarget "List" */;
			buildPhases = (
				5A3C000B1A5D7E9100892D4C /* Sources */,
				5A3C000C1A5D7E9100892D4C /* Frameworks */,
				5A3C000D1A5D7E9100892D4C /* Resources */,
			);
			buildRules = (
			);
			dependencies = (
			);
			name = List;
			productName = List;
			productReference = 5A3C000F1A5D7E9100892D4C /* List.app */;
			productType = "com.apple.product-type.application";
		};
		5A3C00271A5D7E9200892D4C /* ListTests */ = {
			isa = PBXNativeTarget;
			buildConfigurationList = 5A3C00351A5D7E9200892D4C /* Build configuration list for PBXNativeTarget "ListTests" */;
			buildPhases = (
				5A3C00241A5D7E9200892D4C /* Sources */,
				5A3C00251A5D7E9200892D4C /* Frameworks */,
				5A3C00261A5D7E9200892D4C /* Resources */,
			);
			buildRules = (
			);
			dependencies = (
				5A3C002A1A5D7E9200892D4C /* PBXTargetDependency */,
			);
			name = ListTests;
			productName = ListTests;
			productReference = 5A3C00281A5D7E9200892D4C /* ListTests.xctest */;
			productType = "com.apple.product-type.bundle.unit-test";
		};
/* End PBXNativeTarget section */

/* Begin PBXProject section */
		5A3C00071A5D7E9100892D4C /* Project object */ = {
			isa = PBXProject;
			attributes = {
				LastUpgradeCheck = 0620;
				ORGANIZATIONNAME = "Richard Tyran";
				TargetAttributes = {
					5A3C000E1A5D7E9100892D4C = {
						CreatedOnToolsVersion = 6.2;
					};
					5A3C00271A5D7E9200892D4C = {
						CreatedOnToolsVersion = 6.2;
						TestTargetID = 5A3C000E1A5D7E9100892D4C;
					};
				};
			};
			buildConfigurationList = 5A3C000A1A5D7E9100892D4C /* Build configuration list for PBXProject "List" */;
			compatibilityVersion = "Xcode 3.2";
			developmentRegion = English;
			hasScannedForEncodings = 0;
			knownRegions = (
				en,
				Base,
			);
			mainGroup = 5A3C00061A5D7E9100892D4C;
			productRefGroup = 5A3C00101A5D7E9100892D4C /* Products */;
			projectDirPath = "";
			projectRoot = "";
			targets = (
				5A3C000E1A5D7E9100892D4C /* List */,
				5A3C00271A5D7E9200892D4C /* ListTests */,
			);
		};
/* End PBXProject section */

/* Begin PBXResourcesBuildPhase section */
		5A3C000D1A5D7E9100892D4C /* Resources */ = {
			isa = PBXResourcesBuildPhase;
			buildActionMask = 2147483647;
			files = (
				5A3C00231A5D7E9100892D4C /* LaunchScreen.xib in Resources */,
				5A3C00201A5D7E9100892D4C /* Images.xcassets in Resources */,
			);
			runOnlyForDeploymentPostprocessing = 0;
		};
		5A3C00261A5D7E9200892D4C /* Resources */ = {
			isa = PBXResourcesBuildPhase;
			buildActionMask = 2147483647;
			files = (
			);
			runOnlyForDeploymentPostprocessing = 0;
		};
/* End PBXResourcesBuildPhase section */

/* Begin PBXSourcesBuildPhase section */
		5A3C000B1A5D7E9100892D4C /* Sources */ = {
			isa = PBXSourcesBuildPhase;
			buildActionMask = 2147483647;
			files = (
				5A3C003A1A5D838700892D4C /* ListTVC.m in Sources */,
				5A3C003D1A5D919800892D4C /* ListCell.m in Sources */,
				5A3C00181A5D7E9100892D4C /* AppDelegate.m in Sources */,
				5A3C00151A5D7E9100892D4C /* main.m in Sources */,
			);
			runOnlyForDeploymentPostprocessing = 0;
		};
		5A3C00241A5D7E9200892D4C /* Sources */ = {
			isa = PBXSourcesBuildPhase;
			buildActionMask = 2147483647;
			files = (
				5A3C002F1A5D7E9200892D4C /* ListTests.m in Sources */,
			);
			runOnlyForDeploymentPostprocessing = 0;
		};
/* End PBXSourcesBuildPhase section */

/* Begin PBXTargetDependency section */
		5A3C002A1A5D7E9200892D4C /* PBXTargetDependency */ = {
			isa = PBXTargetDependency;
			target = 5A3C000E1A5D7E9100892D4C /* List */;
			targetProxy = 5A3C00291A5D7E9200892D4C /* PBXContainerItemProxy */;
		};
/* End PBXTargetDependency section */

/* Begin PBXVariantGroup section */
		5A3C00211A5D7E9100892D4C /* LaunchScreen.xib */ = {
			isa = PBXVariantGroup;
			children = (
				5A3C00221A5D7E9100892D4C /* Base */,
			);
			name = LaunchScreen.xib;
			sourceTree = "<group>";
		};
/* End PBXVariantGroup section */

/* Begin XCBuildConfiguration section */
		5A3C00301A5D7E9200892D4C /* Debug */ = {
			isa = XCBuildConfiguration;
			buildSettings = {
				ALWAYS_SEARCH_USER_PATHS = NO;
				CLANG_CXX_LANGUAGE_STANDARD = "gnu++0x";
				CLANG_CXX_LIBRARY = "libc++";
				CLANG_ENABLE_MODULES = YES;
				CLANG_ENABLE_OBJC_ARC = YES;
				CLANG_WARN_BOOL_CONVERSION = YES;
				CLANG_WARN_CONSTANT_CONVERSION = YES;
				CLANG_WARN_DIRECT_OBJC_ISA_USAGE = YES_ERROR;
				CLANG_WARN_EMPTY_BODY = YES;
				CLANG_WARN_ENUM_CONVERSION = YES;
				CLANG_WARN_INT_CONVERSION = YES;
				CLANG_WARN_OBJC_ROOT_CLASS = YES_ERROR;
				CLANG_WARN_UNREACHABLE_CODE = YES;
				CLANG_WARN__DUPLICATE_METHOD_MATCH = YES;
				"CODE_SIGN_IDENTITY[sdk=iphoneos*]" = "iPhone Developer";
				COPY_PHASE_STRIP = NO;
				ENABLE_STRICT_OBJC_MSGSEND = YES;
				GCC_C_LANGUAGE_STANDARD = gnu99;
				GCC_DYNAMIC_NO_PIC = NO;
				GCC_OPTIMIZATION_LEVEL = 0;
				GCC_PREPROCESSOR_DEFINITIONS = (
					"DEBUG=1",
					"$(inherited)",
				);
				GCC_SYMBOLS_PRIVATE_EXTERN = NO;
				GCC_WARN_64_TO_32_BIT_CONVERSION = YES;
				GCC_WARN_ABOUT_RETURN_TYPE = YES_ERROR;
				GCC_WARN_UNDECLARED_SELECTOR = YES;
				GCC_WARN_UNINITIALIZED_AUTOS = YES_AGGRESSIVE;
				GCC_WARN_UNUSED_FUNCTION = YES;
				GCC_WARN_UNUSED_VARIABLE = YES;
				IPHONEOS_DEPLOYMENT_TARGET = 8.2;
				MTL_ENABLE_DEBUG_INFO = YES;
				ONLY_ACTIVE_ARCH = YES;
				SDKROOT = iphoneos;
			};
			name = Debug;
		};
		5A3C00311A5D7E9200892D4C /* Release */ = {
			isa = XCBuildConfiguration;
			buildSettings = {
				ALWAYS_SEARCH_USER_PATHS = NO;
				CLANG_CXX_LANGUAGE_STANDARD = "gnu++0x";
				CLANG_CXX_LIBRARY = "libc++";
				CLANG_ENABLE_MODULES = YES;
				CLANG_ENABLE_OBJC_ARC = YES;
				CLANG_WARN_BOOL_CONVERSION = YES;
				CLANG_WARN_CONSTANT_CONVERSION = YES;
				CLANG_WARN_DIRECT_OBJC_ISA_USAGE = YES_ERROR;
				CLANG_WARN_EMPTY_BODY = YES;
				CLANG_WARN_ENUM_CONVERSION = YES;
				CLANG_WARN_INT_CONVERSION = YES;
				CLANG_WARN_OBJC_ROOT_CLASS = YES_ERROR;
				CLANG_WARN_UNREACHABLE_CODE = YES;
				CLANG_WARN__DUPLICATE_METHOD_MATCH = YES;
				"CODE_SIGN_IDENTITY[sdk=iphoneos*]" = "iPhone Developer";
				COPY_PHASE_STRIP = YES;
				ENABLE_NS_ASSERTIONS = NO;
				ENABLE_STRICT_OBJC_MSGSEND = YES;
				GCC_C_LANGUAGE_STANDARD = gnu99;
				GCC_WARN_64_TO_32_BIT_CONVERSION = YES;
				GCC_WARN_ABOUT_RETURN_TYPE = YES_ERROR;
				GCC_WARN_UNDECLARED_SELECTOR = YES;
				GCC_WARN_UNINITIALIZED_AUTOS = YES_AGGRESSIVE;
				GCC_WARN_UNUSED_FUNCTION = YES;
				GCC_WARN_UNUSED_VARIABLE = YES;
				IPHONEOS_DEPLOYMENT_TARGET = 8.2;
				MTL_ENABLE_DEBUG_INFO = NO;
				SDKROOT = iphoneos;
				VALIDATE_PRODUCT = YES;
			};
			name = Release;
		};
		5A3C00331A5D7E9200892D4C /* Debug */ = {
			isa = XCBuildConfiguration;
			buildSettings = {
				ASSETCATALOG_COMPILER_APPICON_NAME = AppIcon;
				INFOPLIST_FILE = List/Info.plist;
				LD_RUNPATH_SEARCH_PATHS = "$(inherited) @executable_path/Frameworks";
				PRODUCT_NAME = "$(TARGET_NAME)";
			};
			name = Debug;
		};
		5A3C00341A5D7E9200892D4C /* Release */ = {
			isa = XCBuildConfiguration;
			buildSettings = {
				ASSETCATALOG_COMPILER_APPICON_NAME = AppIcon;
				INFOPLIST_FILE = List/Info.plist;
				LD_RUNPATH_SEARCH_PATHS = "$(inherited) @executable_path/Frameworks";
				PRODUCT_NAME = "$(TARGET_NAME)";
			};
			name = Release;
		};
		5A3C00361A5D7E9200892D4C /* Debug */ = {
			isa = XCBuildConfiguration;
			buildSettings = {
				BUNDLE_LOADER = "$(TEST_HOST)";
				FRAMEWORK_SEARCH_PATHS = (
					"$(SDKROOT)/Developer/Library/Frameworks",
					"$(inherited)",
				);
				GCC_PREPROCESSOR_DEFINITIONS = (
					"DEBUG=1",
					"$(inherited)",
				);
				INFOPLIST_FILE = ListTests/Info.plist;
				LD_RUNPATH_SEARCH_PATHS = "$(inherited) @executable_path/Frameworks @loader_path/Frameworks";
				PRODUCT_NAME = "$(TARGET_NAME)";
				TEST_HOST = "$(BUILT_PRODUCTS_DIR)/List.app/List";
			};
			name = Debug;
		};
		5A3C00371A5D7E9200892D4C /* Release */ = {
			isa = XCBuildConfiguration;
			buildSettings = {
				BUNDLE_LOADER = "$(TEST_HOST)";
				FRAMEWORK_SEARCH_PATHS = (
					"$(SDKROOT)/Developer/Library/Frameworks",
					"$(inherited)",
				);
				INFOPLIST_FILE = ListTests/Info.plist;
				LD_RUNPATH_SEARCH_PATHS = "$(inherited) @executable_path/Frameworks @loader_path/Frameworks";
				PRODUCT_NAME = "$(TARGET_NAME)";
				TEST_HOST = "$(BUILT_PRODUCTS_DIR)/List.app/List";
			};
			name = Release;
		};
/* End XCBuildConfiguration section */

/* Begin XCConfigurationList section */
		5A3C000A1A5D7E9100892D4C /* Build configuration list for PBXProject "List" */ = {
			isa = XCConfigurationList;
			buildConfigurations = (
				5A3C00301A5D7E9200892D4C /* Debug */,
				5A3C00311A5D7E9200892D4C /* Release */,
			);
			defaultConfigurationIsVisible = 0;
			defaultConfigurationName = Release;
		};
		5A3C00321A5D7E9200892D4C /* Build configuration list for PBXNativeTarget "List" */ = {
			isa = XCConfigurationList;
			buildConfigurations = (
				5A3C00331A5D7E9200892D4C /* Debug */,
				5A3C00341A5D7E9200892D4C /* Release */,
			);
			defaultConfigurationIsVisible = 0;
		};
		5A3C00351A5D7E9200892D4C /* Build configuration list for PBXNativeTarget "ListTests" */ = {
			isa = XCConfigurationList;
			buildConfigurations = (
				5A3C00361A5D7E9200892D4C /* Debug */,
				5A3C00371A5D7E9200892D4C /* Release */,
			);
			defaultConfigurationIsVisible = 0;
		};
/* End XCConfigurationList section */
	};
	rootObject = 5A3C00071A5D7E9100892D4C /* Project object */;
}
